// !$*UTF8*$!
{
	archiveVersion = 1;
	classes = {
	};
	objectVersion = 48;
	objects = {

/* Begin PBXBuildFile section */
		640FF24D1FBAC1B70032D404 /* AppDelegate.swift in Sources */ = {isa = PBXBuildFile; fileRef = 640FF24C1FBAC1B70032D404 /* AppDelegate.swift */; };
		640FF24F1FBAC1B70032D404 /* ViewController.swift in Sources */ = {isa = PBXBuildFile; fileRef = 640FF24E1FBAC1B70032D404 /* ViewController.swift */; };
		640FF2521FBAC1B70032D404 /* Main.storyboard in Resources */ = {isa = PBXBuildFile; fileRef = 640FF2501FBAC1B70032D404 /* Main.storyboard */; };
		640FF2541FBAC1B70032D404 /* Assets.xcassets in Resources */ = {isa = PBXBuildFile; fileRef = 640FF2531FBAC1B70032D404 /* Assets.xcassets */; };
		640FF2571FBAC1B70032D404 /* LaunchScreen.storyboard in Resources */ = {isa = PBXBuildFile; fileRef = 640FF2551FBAC1B70032D404 /* LaunchScreen.storyboard */; };
		640FF2621FBAC1B70032D404 /* FunctionalAn_adidosIncrementalesTests.swift in Sources */ = {isa = PBXBuildFile; fileRef = 640FF2611FBAC1B70032D404 /* FunctionalAn_adidosIncrementalesTests.swift */; };
/* End PBXBuildFile section */

/* Begin PBXContainerItemProxy section */
		640FF25E1FBAC1B70032D404 /* PBXContainerItemProxy */ = {
			isa = PBXContainerItemProxy;
			containerPortal = 640FF2411FBAC1B70032D404 /* Project object */;
			proxyType = 1;
			remoteGlobalIDString = 640FF2481FBAC1B70032D404;
			remoteInfo = "FunctionalAñadidosIncrementales";
		};
/* End PBXContainerItemProxy section */

/* Begin PBXFileReference section */
		640FF2491FBAC1B70032D404 /* FunctionalAñadidosIncrementales.app */ = {isa = PBXFileReference; explicitFileType = wrapper.application; includeInIndex = 0; path = "FunctionalAñadidosIncrementales.app"; sourceTree = BUILT_PRODUCTS_DIR; };
		640FF24C1FBAC1B70032D404 /* AppDelegate.swift */ = {isa = PBXFileReference; lastKnownFileType = sourcecode.swift; path = AppDelegate.swift; sourceTree = "<group>"; };
		640FF24E1FBAC1B70032D404 /* ViewController.swift */ = {isa = PBXFileReference; lastKnownFileType = sourcecode.swift; path = ViewController.swift; sourceTree = "<group>"; };
		640FF2511FBAC1B70032D404 /* Base */ = {isa = PBXFileReference; lastKnownFileType = file.storyboard; name = Base; path = Base.lproj/Main.storyboard; sourceTree = "<group>"; };
		640FF2531FBAC1B70032D404 /* Assets.xcassets */ = {isa = PBXFileReference; lastKnownFileType = folder.assetcatalog; path = Assets.xcassets; sourceTree = "<group>"; };
		640FF2561FBAC1B70032D404 /* Base */ = {isa = PBXFileReference; lastKnownFileType = file.storyboard; name = Base; path = Base.lproj/LaunchScreen.storyboard; sourceTree = "<group>"; };
		640FF2581FBAC1B70032D404 /* Info.plist */ = {isa = PBXFileReference; lastKnownFileType = text.plist.xml; path = Info.plist; sourceTree = "<group>"; };
		640FF25D1FBAC1B70032D404 /* FunctionalAñadidosIncrementalesTests.xctest */ = {isa = PBXFileReference; explicitFileType = wrapper.cfbundle; includeInIndex = 0; path = "FunctionalAñadidosIncrementalesTests.xctest"; sourceTree = BUILT_PRODUCTS_DIR; };
		640FF2611FBAC1B70032D404 /* FunctionalAn_adidosIncrementalesTests.swift */ = {isa = PBXFileReference; lastKnownFileType = sourcecode.swift; path = FunctionalAn_adidosIncrementalesTests.swift; sourceTree = "<group>"; };
		640FF2631FBAC1B70032D404 /* Info.plist */ = {isa = PBXFileReference; lastKnownFileType = text.plist.xml; path = Info.plist; sourceTree = "<group>"; };
/* End PBXFileReference section */

/* Begin PBXFrameworksBuildPhase section */
		640FF2461FBAC1B70032D404 /* Frameworks */ = {
			isa = PBXFrameworksBuildPhase;
			buildActionMask = 2147483647;
			files = (
			);
			runOnlyForDeploymentPostprocessing = 0;
		};
		640FF25A1FBAC1B70032D404 /* Frameworks */ = {
			isa = PBXFrameworksBuildPhase;
			buildActionMask = 2147483647;
			files = (
			);
			runOnlyForDeploymentPostprocessing = 0;
		};
/* End PBXFrameworksBuildPhase section */

/* Begin PBXGroup section */
		640FF2401FBAC1B70032D404 = {
			isa = PBXGroup;
			children = (
				640FF24B1FBAC1B70032D404 /* FunctionalAñadidosIncrementales */,
				640FF2601FBAC1B70032D404 /* FunctionalAñadidosIncrementalesTests */,
				640FF24A1FBAC1B70032D404 /* Products */,
			);
			sourceTree = "<group>";
		};
		640FF24A1FBAC1B70032D404 /* Products */ = {
			isa = PBXGroup;
			children = (
				640FF2491FBAC1B70032D404 /* FunctionalAñadidosIncrementales.app */,
				640FF25D1FBAC1B70032D404 /* FunctionalAñadidosIncrementalesTests.xctest */,
			);
			name = Products;
			sourceTree = "<group>";
		};
		640FF24B1FBAC1B70032D404 /* FunctionalAñadidosIncrementales */ = {
			isa = PBXGroup;
			children = (
				640FF24C1FBAC1B70032D404 /* AppDelegate.swift */,
				640FF24E1FBAC1B70032D404 /* ViewController.swift */,
				640FF2501FBAC1B70032D404 /* Main.storyboard */,
				640FF2531FBAC1B70032D404 /* Assets.xcassets */,
				640FF2551FBAC1B70032D404 /* LaunchScreen.storyboard */,
				640FF2581FBAC1B70032D404 /* Info.plist */,
			);
			path = "FunctionalAñadidosIncrementales";
			sourceTree = "<group>";
		};
		640FF2601FBAC1B70032D404 /* FunctionalAñadidosIncrementalesTests */ = {
			isa = PBXGroup;
			children = (
				640FF2611FBAC1B70032D404 /* FunctionalAn_adidosIncrementalesTests.swift */,
				640FF2631FBAC1B70032D404 /* Info.plist */,
			);
			path = "FunctionalAñadidosIncrementalesTests";
			sourceTree = "<group>";
		};
/* End PBXGroup section */

/* Begin PBXNativeTarget section */
		640FF2481FBAC1B70032D404 /* FunctionalAñadidosIncrementales */ = {
			isa = PBXNativeTarget;
			buildConfigurationList = 640FF2661FBAC1B70032D404 /* Build configuration list for PBXNativeTarget "FunctionalAñadidosIncrementales" */;
			buildPhases = (
				640FF2451FBAC1B70032D404 /* Sources */,
				640FF2461FBAC1B70032D404 /* Frameworks */,
				640FF2471FBAC1B70032D404 /* Resources */,
			);
			buildRules = (
			);
			dependencies = (
			);
			name = "FunctionalAñadidosIncrementales";
			productName = "FunctionalAñadidosIncrementales";
			productReference = 640FF2491FBAC1B70032D404 /* FunctionalAñadidosIncrementales.app */;
			productType = "com.apple.product-type.application";
		};
		640FF25C1FBAC1B70032D404 /* FunctionalAñadidosIncrementalesTests */ = {
			isa = PBXNativeTarget;
			buildConfigurationList = 640FF2691FBAC1B70032D404 /* Build configuration list for PBXNativeTarget "FunctionalAñadidosIncrementalesTests" */;
			buildPhases = (
				640FF2591FBAC1B70032D404 /* Sources */,
				640FF25A1FBAC1B70032D404 /* Frameworks */,
				640FF25B1FBAC1B70032D404 /* Resources */,
			);
			buildRules = (
			);
			dependencies = (
				640FF25F1FBAC1B70032D404 /* PBXTargetDependency */,
			);
			name = "FunctionalAñadidosIncrementalesTests";
			productName = "FunctionalAñadidosIncrementalesTests";
			productReference = 640FF25D1FBAC1B70032D404 /* FunctionalAñadidosIncrementalesTests.xctest */;
			productType = "com.apple.product-type.bundle.unit-test";
		};
/* End PBXNativeTarget section */

/* Begin PBXProject section */
		640FF2411FBAC1B70032D404 /* Project object */ = {
			isa = PBXProject;
			attributes = {
				LastSwiftUpdateCheck = 0900;
				LastUpgradeCheck = 0900;
				ORGANIZATIONNAME = "Antonio Muñoz Sánchez";
				TargetAttributes = {
					640FF2481FBAC1B70032D404 = {
						CreatedOnToolsVersion = 9.0;
						ProvisioningStyle = Automatic;
					};
					640FF25C1FBAC1B70032D404 = {
						CreatedOnToolsVersion = 9.0;
						ProvisioningStyle = Automatic;
						TestTargetID = 640FF2481FBAC1B70032D404;
					};
				};
			};
			buildConfigurationList = 640FF2441FBAC1B70032D404 /* Build configuration list for PBXProject "FunctionalAñadidosIncrementales" */;
			compatibilityVersion = "Xcode 8.0";
			developmentRegion = en;
			hasScannedForEncodings = 0;
			knownRegions = (
				en,
				Base,
			);
			mainGroup = 640FF2401FBAC1B70032D404;
			productRefGroup = 640FF24A1FBAC1B70032D404 /* Products */;
			projectDirPath = "";
			projectRoot = "";
			targets = (
				640FF2481FBAC1B70032D404 /* FunctionalAñadidosIncrementales */,
				640FF25C1FBAC1B70032D404 /* FunctionalAñadidosIncrementalesTests */,
			);
		};
/* End PBXProject section */

/* Begin PBXResourcesBuildPhase section */
		640FF2471FBAC1B70032D404 /* Resources */ = {
			isa = PBXResourcesBuildPhase;
			buildActionMask = 2147483647;
			files = (
				640FF2571FBAC1B70032D404 /* LaunchScreen.storyboard in Resources */,
				640FF2541FBAC1B70032D404 /* Assets.xcassets in Resources */,
				640FF2521FBAC1B70032D404 /* Main.storyboard in Resources */,
			);
			runOnlyForDeploymentPostprocessing = 0;
		};
		640FF25B1FBAC1B70032D404 /* Resources */ = {
			isa = PBXResourcesBuildPhase;
			buildActionMask = 2147483647;
			files = (
			);
			runOnlyForDeploymentPostprocessing = 0;
		};
/* End PBXResourcesBuildPhase section */

/* Begin PBXSourcesBuildPhase section */
		640FF2451FBAC1B70032D404 /* Sources */ = {
			isa = PBXSourcesBuildPhase;
			buildActionMask = 2147483647;
			files = (
				640FF24F1FBAC1B70032D404 /* ViewController.swift in Sources */,
				640FF24D1FBAC1B70032D404 /* AppDelegate.swift in Sources */,
			);
			runOnlyForDeploymentPostprocessing = 0;
		};
		640FF2591FBAC1B70032D404 /* Sources */ = {
			isa = PBXSourcesBuildPhase;
			buildActionMask = 2147483647;
			files = (
				640FF2621FBAC1B70032D404 /* FunctionalAn_adidosIncrementalesTests.swift in Sources */,
			);
			runOnlyForDeploymentPostprocessing = 0;
		};
/* End PBXSourcesBuildPhase section */

/* Begin PBXTargetDependency section */
		640FF25F1FBAC1B70032D404 /* PBXTargetDependency */ = {
			isa = PBXTargetDependency;
			target = 640FF2481FBAC1B70032D404 /* FunctionalAñadidosIncrementales */;
			targetProxy = 640FF25E1FBAC1B70032D404 /* PBXContainerItemProxy */;
		};
/* End PBXTargetDependency section */

/* Begin PBXVariantGroup section */
		640FF2501FBAC1B70032D404 /* Main.storyboard */ = {
			isa = PBXVariantGroup;
			children = (
				640FF2511FBAC1B70032D404 /* Base */,
			);
			name = Main.storyboard;
			sourceTree = "<group>";
		};
		640FF2551FBAC1B70032D404 /* LaunchScreen.storyboard */ = {
			isa = PBXVariantGroup;
			children = (
				640FF2561FBAC1B70032D404 /* Base */,
			);
			name = LaunchScreen.storyboard;
			sourceTree = "<group>";
		};
/* End PBXVariantGroup section */

/* Begin XCBuildConfiguration section */
		640FF2641FBAC1B70032D404 /* Debug */ = {
			isa = XCBuildConfiguration;
			buildSettings = {
				ALWAYS_SEARCH_USER_PATHS = NO;
				CLANG_ANALYZER_NONNULL = YES;
				CLANG_ANALYZER_NUMBER_OBJECT_CONVERSION = YES_AGGRESSIVE;
				CLANG_CXX_LANGUAGE_STANDARD = "gnu++14";
				CLANG_CXX_LIBRARY = "libc++";
				CLANG_ENABLE_MODULES = YES;
				CLANG_ENABLE_OBJC_ARC = YES;
				CLANG_WARN_BLOCK_CAPTURE_AUTORELEASING = YES;
				CLANG_WARN_BOOL_CONVERSION = YES;
				CLANG_WARN_COMMA = YES;
				CLANG_WARN_CONSTANT_CONVERSION = YES;
				CLANG_WARN_DIRECT_OBJC_ISA_USAGE = YES_ERROR;
				CLANG_WARN_DOCUMENTATION_COMMENTS = YES;
				CLANG_WARN_EMPTY_BODY = YES;
				CLANG_WARN_ENUM_CONVERSION = YES;
				CLANG_WARN_INFINITE_RECURSION = YES;
				CLANG_WARN_INT_CONVERSION = YES;
				CLANG_WARN_NON_LITERAL_NULL_CONVERSION = YES;
				CLANG_WARN_OBJC_LITERAL_CONVERSION = YES;
				CLANG_WARN_OBJC_ROOT_CLASS = YES_ERROR;
				CLANG_WARN_RANGE_LOOP_ANALYSIS = YES;
				CLANG_WARN_STRICT_PROTOTYPES = YES;
				CLANG_WARN_SUSPICIOUS_MOVE = YES;
				CLANG_WARN_UNGUARDED_AVAILABILITY = YES_AGGRESSIVE;
				CLANG_WARN_UNREACHABLE_CODE = YES;
				CLANG_WARN__DUPLICATE_METHOD_MATCH = YES;
				CODE_SIGN_IDENTITY = "iPhone Developer";
				COPY_PHASE_STRIP = NO;
				DEBUG_INFORMATION_FORMAT = dwarf;
				ENABLE_STRICT_OBJC_MSGSEND = YES;
				ENABLE_TESTABILITY = YES;
				GCC_C_LANGUAGE_STANDARD = gnu11;
				GCC_DYNAMIC_NO_PIC = NO;
				GCC_NO_COMMON_BLOCKS = YES;
				GCC_OPTIMIZATION_LEVEL = 0;
				GCC_PREPROCESSOR_DEFINITIONS = (
					"DEBUG=1",
					"$(inherited)",
				);
				GCC_WARN_64_TO_32_BIT_CONVERSION = YES;
				GCC_WARN_ABOUT_RETURN_TYPE = YES_ERROR;
				GCC_WARN_UNDECLARED_SELECTOR = YES;
				GCC_WARN_UNINITIALIZED_AUTOS = YES_AGGRESSIVE;
				GCC_WARN_UNUSED_FUNCTION = YES;
				GCC_WARN_UNUSED_VARIABLE = YES;
				IPHONEOS_DEPLOYMENT_TARGET = 11.0;
				MTL_ENABLE_DEBUG_INFO = YES;
				ONLY_ACTIVE_ARCH = YES;
				SDKROOT = iphoneos;
				SWIFT_ACTIVE_COMPILATION_CONDITIONS = DEBUG;
				SWIFT_OPTIMIZATION_LEVEL = "-Onone";
			};
			name = Debug;
		};
		640FF2651FBAC1B70032D404 /* Release */ = {
			isa = XCBuildConfiguration;
			buildSettings = {
				ALWAYS_SEARCH_USER_PATHS = NO;
				CLANG_ANALYZER_NONNULL = YES;
				CLANG_ANALYZER_NUMBER_OBJECT_CONVERSION = YES_AGGRESSIVE;
				CLANG_CXX_LANGUAGE_STANDARD = "gnu++14";
				CLANG_CXX_LIBRARY = "libc++";
				CLANG_ENABLE_MODULES = YES;
				CLANG_ENABLE_OBJC_ARC = YES;
				CLANG_WARN_BLOCK_CAPTURE_AUTORELEASING = YES;
				CLANG_WARN_BOOL_CONVERSION = YES;
				CLANG_WARN_COMMA = YES;
				CLANG_WARN_CONSTANT_CONVERSION = YES;
				CLANG_WARN_DIRECT_OBJC_ISA_USAGE = YES_ERROR;
				CLANG_WARN_DOCUMENTATION_COMMENTS = YES;
				CLANG_WARN_EMPTY_BODY = YES;
				CLANG_WARN_ENUM_CONVERSION = YES;
				CLANG_WARN_INFINITE_RECURSION = YES;
				CLANG_WARN_INT_CONVERSION = YES;
				CLANG_WARN_NON_LITERAL_NULL_CONVERSION = YES;
				CLANG_WARN_OBJC_LITERAL_CONVERSION = YES;
				CLANG_WARN_OBJC_ROOT_CLASS = YES_ERROR;
				CLANG_WARN_RANGE_LOOP_ANALYSIS = YES;
				CLANG_WARN_STRICT_PROTOTYPES = YES;
				CLANG_WARN_SUSPICIOUS_MOVE = YES;
				CLANG_WARN_UNGUARDED_AVAILABILITY = YES_AGGRESSIVE;
				CLANG_WARN_UNREACHABLE_CODE = YES;
				CLANG_WARN__DUPLICATE_METHOD_MATCH = YES;
				CODE_SIGN_IDENTITY = "iPhone Developer";
				COPY_PHASE_STRIP = NO;
				DEBUG_INFORMATION_FORMAT = "dwarf-with-dsym";
				ENABLE_NS_ASSERTIONS = NO;
				ENABLE_STRICT_OBJC_MSGSEND = YES;
				GCC_C_LANGUAGE_STANDARD = gnu11;
				GCC_NO_COMMON_BLOCKS = YES;
				GCC_WARN_64_TO_32_BIT_CONVERSION = YES;
				GCC_WARN_ABOUT_RETURN_TYPE = YES_ERROR;
				GCC_WARN_UNDECLARED_SELECTOR = YES;
				GCC_WARN_UNINITIALIZED_AUTOS = YES_AGGRESSIVE;
				GCC_WARN_UNUSED_FUNCTION = YES;
				GCC_WARN_UNUSED_VARIABLE = YES;
				IPHONEOS_DEPLOYMENT_TARGET = 11.0;
				MTL_ENABLE_DEBUG_INFO = NO;
				SDKROOT = iphoneos;
				SWIFT_OPTIMIZATION_LEVEL = "-Owholemodule";
				VALIDATE_PRODUCT = YES;
			};
			name = Release;
		};
		640FF2671FBAC1B70032D404 /* Debug */ = {
			isa = XCBuildConfiguration;
			buildSettings = {
				ASSETCATALOG_COMPILER_APPICON_NAME = AppIcon;
				CODE_SIGN_STYLE = Automatic;
				DEVELOPMENT_TEAM = RQQMLGW4S8;
				INFOPLIST_FILE = "FunctionalAñadidosIncrementales/Info.plist";
				LD_RUNPATH_SEARCH_PATHS = "$(inherited) @executable_path/Frameworks";
				PRODUCT_BUNDLE_IDENTIFIER = "com.ams.prueba.FunctionalAn-adidosIncrementales";
				PRODUCT_NAME = "$(TARGET_NAME)";
				SWIFT_VERSION = 4.0;
				TARGETED_DEVICE_FAMILY = "1,2";
			};
			name = Debug;
		};
		640FF2681FBAC1B70032D404 /* Release */ = {
			isa = XCBuildConfiguration;
			buildSettings = {
				ASSETCATALOG_COMPILER_APPICON_NAME = AppIcon;
				CODE_SIGN_STYLE = Automatic;
				DEVELOPMENT_TEAM = RQQMLGW4S8;
				INFOPLIST_FILE = "FunctionalAñadidosIncrementales/Info.plist";
				LD_RUNPATH_SEARCH_PATHS = "$(inherited) @executable_path/Frameworks";
				PRODUCT_BUNDLE_IDENTIFIER = "com.ams.prueba.FunctionalAn-adidosIncrementales";
				PRODUCT_NAME = "$(TARGET_NAME)";
				SWIFT_VERSION = 4.0;
				TARGETED_DEVICE_FAMILY = "1,2";
			};
			name = Release;
		};
		640FF26A1FBAC1B70032D404 /* Debug */ = {
			isa = XCBuildConfiguration;
			buildSettings = {
				ALWAYS_EMBED_SWIFT_STANDARD_LIBRARIES = YES;
				BUNDLE_LOADER = "$(TEST_HOST)";
				CODE_SIGN_STYLE = Automatic;
				DEVELOPMENT_TEAM = RQQMLGW4S8;
				INFOPLIST_FILE = "FunctionalAñadidosIncrementalesTests/Info.plist";
				LD_RUNPATH_SEARCH_PATHS = "$(inherited) @executable_path/Frameworks @loader_path/Frameworks";
				PRODUCT_BUNDLE_IDENTIFIER = "com.ams.prueba.FunctionalAn-adidosIncrementalesTests";
				PRODUCT_NAME = "$(TARGET_NAME)";
				SWIFT_VERSION = 4.0;
				TARGETED_DEVICE_FAMILY = "1,2";
				TEST_HOST = "$(BUILT_PRODUCTS_DIR)/FunctionalAñadidosIncrementales.app/FunctionalAñadidosIncrementales";
			};
			name = Debug;
		};
		640FF26B1FBAC1B70032D404 /* Release */ = {
			isa = XCBuildConfiguration;
			buildSettings = {
				ALWAYS_EMBED_SWIFT_STANDARD_LIBRARIES = YES;
				BUNDLE_LOADER = "$(TEST_HOST)";
				CODE_SIGN_STYLE = Automatic;
				DEVELOPMENT_TEAM = RQQMLGW4S8;
				INFOPLIST_FILE = "FunctionalAñadidosIncrementalesTests/Info.plist";
				LD_RUNPATH_SEARCH_PATHS = "$(inherited) @executable_path/Frameworks @loader_path/Frameworks";
				PRODUCT_BUNDLE_IDENTIFIER = "com.ams.prueba.FunctionalAn-adidosIncrementalesTests";
				PRODUCT_NAME = "$(TARGET_NAME)";
				SWIFT_VERSION = 4.0;
				TARGETED_DEVICE_FAMILY = "1,2";
				TEST_HOST = "$(BUILT_PRODUCTS_DIR)/FunctionalAñadidosIncrementales.app/FunctionalAñadidosIncrementales";
			};
			name = Release;
		};
/* End XCBuildConfiguration section */

/* Begin XCConfigurationList section */
		640FF2441FBAC1B70032D404 /* Build configuration list for PBXProject "FunctionalAñadidosIncrementales" */ = {
			isa = XCConfigurationList;
			buildConfigurations = (
				640FF2641FBAC1B70032D404 /* Debug */,
				640FF2651FBAC1B70032D404 /* Release */,
			);
			defaultConfigurationIsVisible = 0;
			defaultConfigurationName = Release;
		};
		640FF2661FBAC1B70032D404 /* Build configuration list for PBXNativeTarget "FunctionalAñadidosIncrementales" */ = {
			isa = XCConfigurationList;
			buildConfigurations = (
				640FF2671FBAC1B70032D404 /* Debug */,
				640FF2681FBAC1B70032D404 /* Release */,
			);
			defaultConfigurationIsVisible = 0;
			defaultConfigurationName = Release;
		};
		640FF2691FBAC1B70032D404 /* Build configuration list for PBXNativeTarget "FunctionalAñadidosIncrementalesTests" */ = {
			isa = XCConfigurationList;
			buildConfigurations = (
				640FF26A1FBAC1B70032D404 /* Debug */,
				640FF26B1FBAC1B70032D404 /* Release */,
			);
			defaultConfigurationIsVisible = 0;
			defaultConfigurationName = Release;
		};
/* End XCConfigurationList section */
	};
	rootObject = 640FF2411FBAC1B70032D404 /* Project object */;
}
